// !$*UTF8*$!
{
	archiveVersion = 1;
	classes = {
	};
	objectVersion = 55;
	objects = {

/* Begin PBXBuildFile section */
		CC16406328F16C4E00581124 /* HomePageView1TableViewCell.swift in Sources */ = {isa = PBXBuildFile; fileRef = CC16406128F16C4E00581124 /* HomePageView1TableViewCell.swift */; };
		CC16406428F16C4E00581124 /* HomePageView1TableViewCell.xib in Resources */ = {isa = PBXBuildFile; fileRef = CC16406228F16C4E00581124 /* HomePageView1TableViewCell.xib */; };
		CC16406828F16FAF00581124 /* HomePage1CollectionViewCell.swift in Sources */ = {isa = PBXBuildFile; fileRef = CC16406628F16FAF00581124 /* HomePage1CollectionViewCell.swift */; };
		CC16406928F16FAF00581124 /* HomePage1CollectionViewCell.xib in Resources */ = {isa = PBXBuildFile; fileRef = CC16406728F16FAF00581124 /* HomePage1CollectionViewCell.xib */; };
		CC33A68B28E48A44009C7E45 /* TermOfUseViewController.swift in Sources */ = {isa = PBXBuildFile; fileRef = CC33A68928E48A44009C7E45 /* TermOfUseViewController.swift */; };
		CC33A68C28E48A44009C7E45 /* TermOfUseViewController.xib in Resources */ = {isa = PBXBuildFile; fileRef = CC33A68A28E48A44009C7E45 /* TermOfUseViewController.xib */; };
		CC33A68F28E48CBA009C7E45 /* PrivacyViewController.swift in Sources */ = {isa = PBXBuildFile; fileRef = CC33A68D28E48CBA009C7E45 /* PrivacyViewController.swift */; };
		CC33A69028E48CBA009C7E45 /* PrivacyViewController.xib in Resources */ = {isa = PBXBuildFile; fileRef = CC33A68E28E48CBA009C7E45 /* PrivacyViewController.xib */; };
		CC33A69328E48EB1009C7E45 /* GetPasswordViewController.swift in Sources */ = {isa = PBXBuildFile; fileRef = CC33A69128E48EB1009C7E45 /* GetPasswordViewController.swift */; };
		CC33A69428E48EB1009C7E45 /* GetPasswordViewController.xib in Resources */ = {isa = PBXBuildFile; fileRef = CC33A69228E48EB1009C7E45 /* GetPasswordViewController.xib */; };
		CC33A69B28E4917E009C7E45 /* ChattingViewController.swift in Sources */ = {isa = PBXBuildFile; fileRef = CC33A69928E4917E009C7E45 /* ChattingViewController.swift */; };
		CC33A69C28E4917E009C7E45 /* ChattingViewController.xib in Resources */ = {isa = PBXBuildFile; fileRef = CC33A69A28E4917E009C7E45 /* ChattingViewController.xib */; };
		CC33A6A328E49333009C7E45 /* GetPassword2ViewController.swift in Sources */ = {isa = PBXBuildFile; fileRef = CC33A6A128E49333009C7E45 /* GetPassword2ViewController.swift */; };
		CC33A6A428E49333009C7E45 /* GetPassword2ViewController.xib in Resources */ = {isa = PBXBuildFile; fileRef = CC33A6A228E49333009C7E45 /* GetPassword2ViewController.xib */; };
		CC33A6AF28E6020A009C7E45 /* MovieTaBarController.swift in Sources */ = {isa = PBXBuildFile; fileRef = CC33A6AE28E6020A009C7E45 /* MovieTaBarController.swift */; };
		CC33A6B628E60280009C7E45 /* NewAndHotViewController.swift in Sources */ = {isa = PBXBuildFile; fileRef = CC33A6B428E60280009C7E45 /* NewAndHotViewController.swift */; };
		CC33A6B728E60280009C7E45 /* NewAndHotViewController.xib in Resources */ = {isa = PBXBuildFile; fileRef = CC33A6B528E60280009C7E45 /* NewAndHotViewController.xib */; };
		CC33A6BA28E6029D009C7E45 /* InstallViewController.swift in Sources */ = {isa = PBXBuildFile; fileRef = CC33A6B828E6029C009C7E45 /* InstallViewController.swift */; };
		CC33A6BB28E6029D009C7E45 /* InstallViewController.xib in Resources */ = {isa = PBXBuildFile; fileRef = CC33A6B928E6029D009C7E45 /* InstallViewController.xib */; };
		CC33A6BE28E6F457009C7E45 /* WhoWatchingViewController.swift in Sources */ = {isa = PBXBuildFile; fileRef = CC33A6BC28E6F457009C7E45 /* WhoWatchingViewController.swift */; };
		CC33A6BF28E6F457009C7E45 /* WhoWatchingViewController.xib in Resources */ = {isa = PBXBuildFile; fileRef = CC33A6BD28E6F457009C7E45 /* WhoWatchingViewController.xib */; };
		CC35CB4C28F19042000F9FA0 /* HomePageView2TableViewCell.swift in Sources */ = {isa = PBXBuildFile; fileRef = CC35CB4A28F19042000F9FA0 /* HomePageView2TableViewCell.swift */; };
		CC35CB4D28F19042000F9FA0 /* HomePageView2TableViewCell.xib in Resources */ = {isa = PBXBuildFile; fileRef = CC35CB4B28F19042000F9FA0 /* HomePageView2TableViewCell.xib */; };
		CC35CB5028F19068000F9FA0 /* HomePage2CollectionViewCell.swift in Sources */ = {isa = PBXBuildFile; fileRef = CC35CB4E28F19068000F9FA0 /* HomePage2CollectionViewCell.swift */; };
		CC35CB5128F19068000F9FA0 /* HomePage2CollectionViewCell.xib in Resources */ = {isa = PBXBuildFile; fileRef = CC35CB4F28F19068000F9FA0 /* HomePage2CollectionViewCell.xib */; };
		CC3FAD4128E9EAAD00C138B6 /* SetupInstallViewController.swift in Sources */ = {isa = PBXBuildFile; fileRef = CC3FAD3F28E9EAAD00C138B6 /* SetupInstallViewController.swift */; };
		CC3FAD4228E9EAAD00C138B6 /* SetupInstallViewController.xib in Resources */ = {isa = PBXBuildFile; fileRef = CC3FAD4028E9EAAD00C138B6 /* SetupInstallViewController.xib */; };
		CC3FAD4528E9EEA000C138B6 /* FileInstallViewController.swift in Sources */ = {isa = PBXBuildFile; fileRef = CC3FAD4328E9EEA000C138B6 /* FileInstallViewController.swift */; };
		CC3FAD4628E9EEA000C138B6 /* FileInstallViewController.xib in Resources */ = {isa = PBXBuildFile; fileRef = CC3FAD4428E9EEA000C138B6 /* FileInstallViewController.xib */; };
		CC3FAD4928E9F0BB00C138B6 /* SearchMovieViewController.swift in Sources */ = {isa = PBXBuildFile; fileRef = CC3FAD4728E9F0BB00C138B6 /* SearchMovieViewController.swift */; };
		CC3FAD4A28E9F0BB00C138B6 /* SearchMovieViewController.xib in Resources */ = {isa = PBXBuildFile; fileRef = CC3FAD4828E9F0BB00C138B6 /* SearchMovieViewController.xib */; };
		CC3FAD4D28E9F26C00C138B6 /* SearchMovieTableViewCell.swift in Sources */ = {isa = PBXBuildFile; fileRef = CC3FAD4B28E9F26C00C138B6 /* SearchMovieTableViewCell.swift */; };
		CC3FAD4E28E9F26C00C138B6 /* SearchMovieTableViewCell.xib in Resources */ = {isa = PBXBuildFile; fileRef = CC3FAD4C28E9F26C00C138B6 /* SearchMovieTableViewCell.xib */; };
		CC3FAD5128EABDC000C138B6 /* TapImageViewController.swift in Sources */ = {isa = PBXBuildFile; fileRef = CC3FAD4F28EABDC000C138B6 /* TapImageViewController.swift */; };
		CC3FAD5228EABDC000C138B6 /* TapImageViewController.xib in Resources */ = {isa = PBXBuildFile; fileRef = CC3FAD5028EABDC000C138B6 /* TapImageViewController.xib */; };
		CC5D431F28F31F380050DE1D /* NewAndHotTableViewCell.swift in Sources */ = {isa = PBXBuildFile; fileRef = CC5D431D28F31F380050DE1D /* NewAndHotTableViewCell.swift */; };
		CC5D432028F31F380050DE1D /* NewAndHotTableViewCell.xib in Resources */ = {isa = PBXBuildFile; fileRef = CC5D431E28F31F380050DE1D /* NewAndHotTableViewCell.xib */; };
		CC5D432228F323E20050DE1D /* DataMovie.swift in Sources */ = {isa = PBXBuildFile; fileRef = CC5D432128F323E20050DE1D /* DataMovie.swift */; };
		CC5D432B28F47A7F0050DE1D /* MovieViewController.swift in Sources */ = {isa = PBXBuildFile; fileRef = CC5D432928F47A7F0050DE1D /* MovieViewController.swift */; };
		CC5D432C28F47A7F0050DE1D /* MovieViewController.xib in Resources */ = {isa = PBXBuildFile; fileRef = CC5D432A28F47A7F0050DE1D /* MovieViewController.xib */; };
		CC5D433328F580A70050DE1D /* Movie1ViewController.swift in Sources */ = {isa = PBXBuildFile; fileRef = CC5D433128F580A70050DE1D /* Movie1ViewController.swift */; };
		CC5D433428F580A70050DE1D /* Movie1ViewController.xib in Resources */ = {isa = PBXBuildFile; fileRef = CC5D433228F580A70050DE1D /* Movie1ViewController.xib */; };
		CC5D433628F59F6D0050DE1D /* File.swift in Sources */ = {isa = PBXBuildFile; fileRef = CC5D433528F59F6D0050DE1D /* File.swift */; };
		CCC0A9BA28E2A9C4004E3A9B /* AppDelegate.swift in Sources */ = {isa = PBXBuildFile; fileRef = CCC0A9B928E2A9C4004E3A9B /* AppDelegate.swift */; };
		CCC0A9BC28E2A9C4004E3A9B /* SceneDelegate.swift in Sources */ = {isa = PBXBuildFile; fileRef = CCC0A9BB28E2A9C4004E3A9B /* SceneDelegate.swift */; };
		CCC0A9BE28E2A9C4004E3A9B /* Netflix.swift in Sources */ = {isa = PBXBuildFile; fileRef = CCC0A9BD28E2A9C4004E3A9B /* Netflix.swift */; };
		CCC0A9C128E2A9C4004E3A9B /* Main.storyboard in Resources */ = {isa = PBXBuildFile; fileRef = CCC0A9BF28E2A9C4004E3A9B /* Main.storyboard */; };
		CCC0A9C328E2A9C5004E3A9B /* Assets.xcassets in Resources */ = {isa = PBXBuildFile; fileRef = CCC0A9C228E2A9C5004E3A9B /* Assets.xcassets */; };
		CCC0A9C628E2A9C5004E3A9B /* LaunchScreen.storyboard in Resources */ = {isa = PBXBuildFile; fileRef = CCC0A9C428E2A9C5004E3A9B /* LaunchScreen.storyboard */; };
		CCC0A9CF28E2AA80004E3A9B /* ScrollView.swift in Sources */ = {isa = PBXBuildFile; fileRef = CCC0A9CE28E2AA80004E3A9B /* ScrollView.swift */; };
		CCC0A9D328E2AAB4004E3A9B /* ScrollView.xib in Resources */ = {isa = PBXBuildFile; fileRef = CCC0A9D228E2AAB4004E3A9B /* ScrollView.xib */; };
		CCC0A9D528E2B122004E3A9B /* DataScroll.swift in Sources */ = {isa = PBXBuildFile; fileRef = CCC0A9D428E2B122004E3A9B /* DataScroll.swift */; };
		CCC0A9D828E2D03A004E3A9B /* LogginViewController.swift in Sources */ = {isa = PBXBuildFile; fileRef = CCC0A9D628E2D03A004E3A9B /* LogginViewController.swift */; };
		CCC0A9D928E2D03A004E3A9B /* LogginViewController.xib in Resources */ = {isa = PBXBuildFile; fileRef = CCC0A9D728E2D03A004E3A9B /* LogginViewController.xib */; };
		CCC0A9DC28E30846004E3A9B /* JohnViewController.swift in Sources */ = {isa = PBXBuildFile; fileRef = CCC0A9DA28E30846004E3A9B /* JohnViewController.swift */; };
		CCC0A9DD28E30846004E3A9B /* JohnViewController.xib in Resources */ = {isa = PBXBuildFile; fileRef = CCC0A9DB28E30846004E3A9B /* JohnViewController.xib */; };
		CCC0A9E028E32723004E3A9B /* WebKit.framework in Frameworks */ = {isa = PBXBuildFile; fileRef = CCC0A9DF28E32723004E3A9B /* WebKit.framework */; };
		CCC0A9E328E32799004E3A9B /* WebKitViewController.swift in Sources */ = {isa = PBXBuildFile; fileRef = CCC0A9E128E32799004E3A9B /* WebKitViewController.swift */; };
		CCC0A9E428E32799004E3A9B /* WebKitViewController.xib in Resources */ = {isa = PBXBuildFile; fileRef = CCC0A9E228E32799004E3A9B /* WebKitViewController.xib */; };
		CCC0A9E828E3304D004E3A9B /* HelpViewController.swift in Sources */ = {isa = PBXBuildFile; fileRef = CCC0A9E628E3304D004E3A9B /* HelpViewController.swift */; };
		CCC0A9E928E3304D004E3A9B /* HelpViewController.xib in Resources */ = {isa = PBXBuildFile; fileRef = CCC0A9E728E3304D004E3A9B /* HelpViewController.xib */; };
		CCC0AA3228E43EEC004E3A9B /* NotificationCenterViewController.swift in Sources */ = {isa = PBXBuildFile; fileRef = CCC0AA3028E43EEC004E3A9B /* NotificationCenterViewController.swift */; };
		CCC0AA3328E43EEC004E3A9B /* NotificationCenterViewController.xib in Resources */ = {isa = PBXBuildFile; fileRef = CCC0AA3128E43EEC004E3A9B /* NotificationCenterViewController.xib */; };
		CCC0AA3628E44E7D004E3A9B /* WebHelpViewController.swift in Sources */ = {isa = PBXBuildFile; fileRef = CCC0AA3428E44E7D004E3A9B /* WebHelpViewController.swift */; };
		CCC0AA3728E44E7D004E3A9B /* WebHelpViewController.xib in Resources */ = {isa = PBXBuildFile; fileRef = CCC0AA3528E44E7D004E3A9B /* WebHelpViewController.xib */; };
		CCC32F9428EF19CB00DCE137 /* HomePageViewController.swift in Sources */ = {isa = PBXBuildFile; fileRef = CCC32F9228EF19CB00DCE137 /* HomePageViewController.swift */; };
		CCC32F9528EF19CB00DCE137 /* HomePageViewController.xib in Resources */ = {isa = PBXBuildFile; fileRef = CCC32F9328EF19CB00DCE137 /* HomePageViewController.xib */; };
		CCC32F9828EF1AA600DCE137 /* HomePageTableViewCell.swift in Sources */ = {isa = PBXBuildFile; fileRef = CCC32F9628EF1AA600DCE137 /* HomePageTableViewCell.swift */; };
		CCC32F9928EF1AA600DCE137 /* HomePageTableViewCell.xib in Resources */ = {isa = PBXBuildFile; fileRef = CCC32F9728EF1AA600DCE137 /* HomePageTableViewCell.xib */; };
		CCC32F9C28EF1B6100DCE137 /* HomePageCollectionViewCell.swift in Sources */ = {isa = PBXBuildFile; fileRef = CCC32F9A28EF1B6100DCE137 /* HomePageCollectionViewCell.swift */; };
		CCC32F9D28EF1B6100DCE137 /* HomePageCollectionViewCell.xib in Resources */ = {isa = PBXBuildFile; fileRef = CCC32F9B28EF1B6100DCE137 /* HomePageCollectionViewCell.xib */; };
/* End PBXBuildFile section */

/* Begin PBXFileReference section */
		CC16406128F16C4E00581124 /* HomePageView1TableViewCell.swift */ = {isa = PBXFileReference; lastKnownFileType = sourcecode.swift; path = HomePageView1TableViewCell.swift; sourceTree = "<group>"; };
		CC16406228F16C4E00581124 /* HomePageView1TableViewCell.xib */ = {isa = PBXFileReference; lastKnownFileType = file.xib; path = HomePageView1TableViewCell.xib; sourceTree = "<group>"; };
		CC16406628F16FAF00581124 /* HomePage1CollectionViewCell.swift */ = {isa = PBXFileReference; lastKnownFileType = sourcecode.swift; path = HomePage1CollectionViewCell.swift; sourceTree = "<group>"; };
		CC16406728F16FAF00581124 /* HomePage1CollectionViewCell.xib */ = {isa = PBXFileReference; lastKnownFileType = file.xib; path = HomePage1CollectionViewCell.xib; sourceTree = "<group>"; };
		CC33A68928E48A44009C7E45 /* TermOfUseViewController.swift */ = {isa = PBXFileReference; lastKnownFileType = sourcecode.swift; path = TermOfUseViewController.swift; sourceTree = "<group>"; };
		CC33A68A28E48A44009C7E45 /* TermOfUseViewController.xib */ = {isa = PBXFileReference; lastKnownFileType = file.xib; path = TermOfUseViewController.xib; sourceTree = "<group>"; };
		CC33A68D28E48CBA009C7E45 /* PrivacyViewController.swift */ = {isa = PBXFileReference; lastKnownFileType = sourcecode.swift; path = PrivacyViewController.swift; sourceTree = "<group>"; };
		CC33A68E28E48CBA009C7E45 /* PrivacyViewController.xib */ = {isa = PBXFileReference; lastKnownFileType = file.xib; path = PrivacyViewController.xib; sourceTree = "<group>"; };
		CC33A69128E48EB1009C7E45 /* GetPasswordViewController.swift */ = {isa = PBXFileReference; lastKnownFileType = sourcecode.swift; path = GetPasswordViewController.swift; sourceTree = "<group>"; };
		CC33A69228E48EB1009C7E45 /* GetPasswordViewController.xib */ = {isa = PBXFileReference; lastKnownFileType = file.xib; path = GetPasswordViewController.xib; sourceTree = "<group>"; };
		CC33A69928E4917E009C7E45 /* ChattingViewController.swift */ = {isa = PBXFileReference; lastKnownFileType = sourcecode.swift; path = ChattingViewController.swift; sourceTree = "<group>"; };
		CC33A69A28E4917E009C7E45 /* ChattingViewController.xib */ = {isa = PBXFileReference; lastKnownFileType = file.xib; path = ChattingViewController.xib; sourceTree = "<group>"; };
		CC33A6A128E49333009C7E45 /* GetPassword2ViewController.swift */ = {isa = PBXFileReference; lastKnownFileType = sourcecode.swift; path = GetPassword2ViewController.swift; sourceTree = "<group>"; };
		CC33A6A228E49333009C7E45 /* GetPassword2ViewController.xib */ = {isa = PBXFileReference; lastKnownFileType = file.xib; path = GetPassword2ViewController.xib; sourceTree = "<group>"; };
		CC33A6AE28E6020A009C7E45 /* MovieTaBarController.swift */ = {isa = PBXFileReference; lastKnownFileType = sourcecode.swift; path = MovieTaBarController.swift; sourceTree = "<group>"; };
		CC33A6B428E60280009C7E45 /* NewAndHotViewController.swift */ = {isa = PBXFileReference; lastKnownFileType = sourcecode.swift; path = NewAndHotViewController.swift; sourceTree = "<group>"; };
		CC33A6B528E60280009C7E45 /* NewAndHotViewController.xib */ = {isa = PBXFileReference; lastKnownFileType = file.xib; path = NewAndHotViewController.xib; sourceTree = "<group>"; };
		CC33A6B828E6029C009C7E45 /* InstallViewController.swift */ = {isa = PBXFileReference; lastKnownFileType = sourcecode.swift; path = InstallViewController.swift; sourceTree = "<group>"; };
		CC33A6B928E6029D009C7E45 /* InstallViewController.xib */ = {isa = PBXFileReference; lastKnownFileType = file.xib; path = InstallViewController.xib; sourceTree = "<group>"; };
		CC33A6BC28E6F457009C7E45 /* WhoWatchingViewController.swift */ = {isa = PBXFileReference; lastKnownFileType = sourcecode.swift; path = WhoWatchingViewController.swift; sourceTree = "<group>"; };
		CC33A6BD28E6F457009C7E45 /* WhoWatchingViewController.xib */ = {isa = PBXFileReference; lastKnownFileType = file.xib; path = WhoWatchingViewController.xib; sourceTree = "<group>"; };
		CC35CB4A28F19042000F9FA0 /* HomePageView2TableViewCell.swift */ = {isa = PBXFileReference; lastKnownFileType = sourcecode.swift; path = HomePageView2TableViewCell.swift; sourceTree = "<group>"; };
		CC35CB4B28F19042000F9FA0 /* HomePageView2TableViewCell.xib */ = {isa = PBXFileReference; lastKnownFileType = file.xib; path = HomePageView2TableViewCell.xib; sourceTree = "<group>"; };
		CC35CB4E28F19068000F9FA0 /* HomePage2CollectionViewCell.swift */ = {isa = PBXFileReference; lastKnownFileType = sourcecode.swift; path = HomePage2CollectionViewCell.swift; sourceTree = "<group>"; };
		CC35CB4F28F19068000F9FA0 /* HomePage2CollectionViewCell.xib */ = {isa = PBXFileReference; lastKnownFileType = file.xib; path = HomePage2CollectionViewCell.xib; sourceTree = "<group>"; };
		CC3FAD3F28E9EAAD00C138B6 /* SetupInstallViewController.swift */ = {isa = PBXFileReference; lastKnownFileType = sourcecode.swift; path = SetupInstallViewController.swift; sourceTree = "<group>"; };
		CC3FAD4028E9EAAD00C138B6 /* SetupInstallViewController.xib */ = {isa = PBXFileReference; lastKnownFileType = file.xib; path = SetupInstallViewController.xib; sourceTree = "<group>"; };
		CC3FAD4328E9EEA000C138B6 /* FileInstallViewController.swift */ = {isa = PBXFileReference; lastKnownFileType = sourcecode.swift; path = FileInstallViewController.swift; sourceTree = "<group>"; };
		CC3FAD4428E9EEA000C138B6 /* FileInstallViewController.xib */ = {isa = PBXFileReference; lastKnownFileType = file.xib; path = FileInstallViewController.xib; sourceTree = "<group>"; };
		CC3FAD4728E9F0BB00C138B6 /* SearchMovieViewController.swift */ = {isa = PBXFileReference; lastKnownFileType = sourcecode.swift; path = SearchMovieViewController.swift; sourceTree = "<group>"; };
		CC3FAD4828E9F0BB00C138B6 /* SearchMovieViewController.xib */ = {isa = PBXFileReference; lastKnownFileType = file.xib; path = SearchMovieViewController.xib; sourceTree = "<group>"; };
		CC3FAD4B28E9F26C00C138B6 /* SearchMovieTableViewCell.swift */ = {isa = PBXFileReference; lastKnownFileType = sourcecode.swift; path = SearchMovieTableViewCell.swift; sourceTree = "<group>"; };
		CC3FAD4C28E9F26C00C138B6 /* SearchMovieTableViewCell.xib */ = {isa = PBXFileReference; lastKnownFileType = file.xib; path = SearchMovieTableViewCell.xib; sourceTree = "<group>"; };
		CC3FAD4F28EABDC000C138B6 /* TapImageViewController.swift */ = {isa = PBXFileReference; lastKnownFileType = sourcecode.swift; path = TapImageViewController.swift; sourceTree = "<group>"; };
		CC3FAD5028EABDC000C138B6 /* TapImageViewController.xib */ = {isa = PBXFileReference; lastKnownFileType = file.xib; path = TapImageViewController.xib; sourceTree = "<group>"; };
		CC5D431D28F31F380050DE1D /* NewAndHotTableViewCell.swift */ = {isa = PBXFileReference; lastKnownFileType = sourcecode.swift; path = NewAndHotTableViewCell.swift; sourceTree = "<group>"; };
		CC5D431E28F31F380050DE1D /* NewAndHotTableViewCell.xib */ = {isa = PBXFileReference; lastKnownFileType = file.xib; path = NewAndHotTableViewCell.xib; sourceTree = "<group>"; };
		CC5D432128F323E20050DE1D /* DataMovie.swift */ = {isa = PBXFileReference; lastKnownFileType = sourcecode.swift; path = DataMovie.swift; sourceTree = "<group>"; };
		CC5D432928F47A7F0050DE1D /* MovieViewController.swift */ = {isa = PBXFileReference; lastKnownFileType = sourcecode.swift; path = MovieViewController.swift; sourceTree = "<group>"; };
		CC5D432A28F47A7F0050DE1D /* MovieViewController.xib */ = {isa = PBXFileReference; lastKnownFileType = file.xib; path = MovieViewController.xib; sourceTree = "<group>"; };
		CC5D433128F580A70050DE1D /* Movie1ViewController.swift */ = {isa = PBXFileReference; lastKnownFileType = sourcecode.swift; path = Movie1ViewController.swift; sourceTree = "<group>"; };
		CC5D433228F580A70050DE1D /* Movie1ViewController.xib */ = {isa = PBXFileReference; lastKnownFileType = file.xib; path = Movie1ViewController.xib; sourceTree = "<group>"; };
		CC5D433528F59F6D0050DE1D /* File.swift */ = {isa = PBXFileReference; lastKnownFileType = sourcecode.swift; path = File.swift; sourceTree = "<group>"; };
		CCC0A9B628E2A9C4004E3A9B /* NetFlix.app */ = {isa = PBXFileReference; explicitFileType = wrapper.application; includeInIndex = 0; path = NetFlix.app; sourceTree = BUILT_PRODUCTS_DIR; };
		CCC0A9B928E2A9C4004E3A9B /* AppDelegate.swift */ = {isa = PBXFileReference; lastKnownFileType = sourcecode.swift; path = AppDelegate.swift; sourceTree = "<group>"; };
		CCC0A9BB28E2A9C4004E3A9B /* SceneDelegate.swift */ = {isa = PBXFileReference; lastKnownFileType = sourcecode.swift; path = SceneDelegate.swift; sourceTree = "<group>"; };
		CCC0A9BD28E2A9C4004E3A9B /* Netflix.swift */ = {isa = PBXFileReference; lastKnownFileType = sourcecode.swift; path = Netflix.swift; sourceTree = "<group>"; };
		CCC0A9C028E2A9C4004E3A9B /* Base */ = {isa = PBXFileReference; lastKnownFileType = file.storyboard; name = Base; path = Base.lproj/Main.storyboard; sourceTree = "<group>"; };
		CCC0A9C228E2A9C5004E3A9B /* Assets.xcassets */ = {isa = PBXFileReference; lastKnownFileType = folder.assetcatalog; path = Assets.xcassets; sourceTree = "<group>"; };
		CCC0A9C528E2A9C5004E3A9B /* Base */ = {isa = PBXFileReference; lastKnownFileType = file.storyboard; name = Base; path = Base.lproj/LaunchScreen.storyboard; sourceTree = "<group>"; };
		CCC0A9C728E2A9C5004E3A9B /* Info.plist */ = {isa = PBXFileReference; lastKnownFileType = text.plist.xml; path = Info.plist; sourceTree = "<group>"; };
		CCC0A9CE28E2AA80004E3A9B /* ScrollView.swift */ = {isa = PBXFileReference; lastKnownFileType = sourcecode.swift; path = ScrollView.swift; sourceTree = "<group>"; };
		CCC0A9D228E2AAB4004E3A9B /* ScrollView.xib */ = {isa = PBXFileReference; lastKnownFileType = file.xib; path = ScrollView.xib; sourceTree = "<group>"; };
		CCC0A9D428E2B122004E3A9B /* DataScroll.swift */ = {isa = PBXFileReference; lastKnownFileType = sourcecode.swift; path = DataScroll.swift; sourceTree = "<group>"; };
		CCC0A9D628E2D03A004E3A9B /* LogginViewController.swift */ = {isa = PBXFileReference; lastKnownFileType = sourcecode.swift; path = LogginViewController.swift; sourceTree = "<group>"; };
		CCC0A9D728E2D03A004E3A9B /* LogginViewController.xib */ = {isa = PBXFileReference; lastKnownFileType = file.xib; path = LogginViewController.xib; sourceTree = "<group>"; };
		CCC0A9DA28E30846004E3A9B /* JohnViewController.swift */ = {isa = PBXFileReference; lastKnownFileType = sourcecode.swift; path = JohnViewController.swift; sourceTree = "<group>"; };
		CCC0A9DB28E30846004E3A9B /* JohnViewController.xib */ = {isa = PBXFileReference; lastKnownFileType = file.xib; path = JohnViewController.xib; sourceTree = "<group>"; };
		CCC0A9DF28E32723004E3A9B /* WebKit.framework */ = {isa = PBXFileReference; lastKnownFileType = wrapper.framework; name = WebKit.framework; path = System/Library/Frameworks/WebKit.framework; sourceTree = SDKROOT; };
		CCC0A9E128E32799004E3A9B /* WebKitViewController.swift */ = {isa = PBXFileReference; lastKnownFileType = sourcecode.swift; path = WebKitViewController.swift; sourceTree = "<group>"; };
		CCC0A9E228E32799004E3A9B /* WebKitViewController.xib */ = {isa = PBXFileReference; lastKnownFileType = file.xib; path = WebKitViewController.xib; sourceTree = "<group>"; };
		CCC0A9E628E3304D004E3A9B /* HelpViewController.swift */ = {isa = PBXFileReference; lastKnownFileType = sourcecode.swift; path = HelpViewController.swift; sourceTree = "<group>"; };
		CCC0A9E728E3304D004E3A9B /* HelpViewController.xib */ = {isa = PBXFileReference; lastKnownFileType = file.xib; path = HelpViewController.xib; sourceTree = "<group>"; };
		CCC0AA3028E43EEC004E3A9B /* NotificationCenterViewController.swift */ = {isa = PBXFileReference; lastKnownFileType = sourcecode.swift; path = NotificationCenterViewController.swift; sourceTree = "<group>"; };
		CCC0AA3128E43EEC004E3A9B /* NotificationCenterViewController.xib */ = {isa = PBXFileReference; lastKnownFileType = file.xib; path = NotificationCenterViewController.xib; sourceTree = "<group>"; };
		CCC0AA3428E44E7D004E3A9B /* WebHelpViewController.swift */ = {isa = PBXFileReference; lastKnownFileType = sourcecode.swift; path = WebHelpViewController.swift; sourceTree = "<group>"; };
		CCC0AA3528E44E7D004E3A9B /* WebHelpViewController.xib */ = {isa = PBXFileReference; lastKnownFileType = file.xib; path = WebHelpViewController.xib; sourceTree = "<group>"; };
		CCC32F9228EF19CB00DCE137 /* HomePageViewController.swift */ = {isa = PBXFileReference; lastKnownFileType = sourcecode.swift; path = HomePageViewController.swift; sourceTree = "<group>"; };
		CCC32F9328EF19CB00DCE137 /* HomePageViewController.xib */ = {isa = PBXFileReference; lastKnownFileType = file.xib; path = HomePageViewController.xib; sourceTree = "<group>"; };
		CCC32F9628EF1AA600DCE137 /* HomePageTableViewCell.swift */ = {isa = PBXFileReference; lastKnownFileType = sourcecode.swift; path = HomePageTableViewCell.swift; sourceTree = "<group>"; };
		CCC32F9728EF1AA600DCE137 /* HomePageTableViewCell.xib */ = {isa = PBXFileReference; lastKnownFileType = file.xib; path = HomePageTableViewCell.xib; sourceTree = "<group>"; };
		CCC32F9A28EF1B6100DCE137 /* HomePageCollectionViewCell.swift */ = {isa = PBXFileReference; lastKnownFileType = sourcecode.swift; path = HomePageCollectionViewCell.swift; sourceTree = "<group>"; };
		CCC32F9B28EF1B6100DCE137 /* HomePageCollectionViewCell.xib */ = {isa = PBXFileReference; lastKnownFileType = file.xib; path = HomePageCollectionViewCell.xib; sourceTree = "<group>"; };
/* End PBXFileReference section */

/* Begin PBXFrameworksBuildPhase section */
		CCC0A9B328E2A9C4004E3A9B /* Frameworks */ = {
			isa = PBXFrameworksBuildPhase;
			buildActionMask = 2147483647;
			files = (
				CCC0A9E028E32723004E3A9B /* WebKit.framework in Frameworks */,
			);
			runOnlyForDeploymentPostprocessing = 0;
		};
/* End PBXFrameworksBuildPhase section */

/* Begin PBXGroup section */
		CC35CB5328F1E627000F9FA0 /* NewAndHotScreen */ = {
			isa = PBXGroup;
			children = (
				CC33A6B428E60280009C7E45 /* NewAndHotViewController.swift */,
				CC33A6B528E60280009C7E45 /* NewAndHotViewController.xib */,
				CC5D431D28F31F380050DE1D /* NewAndHotTableViewCell.swift */,
				CC5D431E28F31F380050DE1D /* NewAndHotTableViewCell.xib */,
				CC5D432928F47A7F0050DE1D /* MovieViewController.swift */,
				CC5D432A28F47A7F0050DE1D /* MovieViewController.xib */,
				CC5D432128F323E20050DE1D /* DataMovie.swift */,
			);
			path = NewAndHotScreen;
			sourceTree = "<group>";
		};
		CC3FAD3E28E9E25C00C138B6 /* InstallScreen */ = {
			isa = PBXGroup;
			children = (
				CC33A6B828E6029C009C7E45 /* InstallViewController.swift */,
				CC33A6B928E6029D009C7E45 /* InstallViewController.xib */,
				CC3FAD4328E9EEA000C138B6 /* FileInstallViewController.swift */,
				CC3FAD4428E9EEA000C138B6 /* FileInstallViewController.xib */,
				CC3FAD3F28E9EAAD00C138B6 /* SetupInstallViewController.swift */,
				CC3FAD4028E9EAAD00C138B6 /* SetupInstallViewController.xib */,
				CC3FAD4728E9F0BB00C138B6 /* SearchMovieViewController.swift */,
				CC3FAD4828E9F0BB00C138B6 /* SearchMovieViewController.xib */,
				CC3FAD4B28E9F26C00C138B6 /* SearchMovieTableViewCell.swift */,
				CC3FAD4C28E9F26C00C138B6 /* SearchMovieTableViewCell.xib */,
				CC3FAD4F28EABDC000C138B6 /* TapImageViewController.swift */,
				CC3FAD5028EABDC000C138B6 /* TapImageViewController.xib */,
			);
			path = InstallScreen;
			sourceTree = "<group>";
		};
		CCC0A9AD28E2A9C4004E3A9B = {
			isa = PBXGroup;
			children = (
				CCC0A9B728E2A9C4004E3A9B /* Products */,
				CCC0A9DE28E32723004E3A9B /* Frameworks */,
				CCC0A9B828E2A9C4004E3A9B /* NetFlix */,
			);
			sourceTree = "<group>";
		};
		CCC0A9B728E2A9C4004E3A9B /* Products */ = {
			isa = PBXGroup;
			children = (
				CCC0A9B628E2A9C4004E3A9B /* NetFlix.app */,
			);
			name = Products;
			sourceTree = "<group>";
		};
		CCC0A9B828E2A9C4004E3A9B /* NetFlix */ = {
			isa = PBXGroup;
			children = (
				CCC0A9B928E2A9C4004E3A9B /* AppDelegate.swift */,
				CCC0A9BB28E2A9C4004E3A9B /* SceneDelegate.swift */,
				CCC0A9C228E2A9C5004E3A9B /* Assets.xcassets */,
				CCC0A9C428E2A9C5004E3A9B /* LaunchScreen.storyboard */,
				CCC0A9C728E2A9C5004E3A9B /* Info.plist */,
				CC35CB5328F1E627000F9FA0 /* NewAndHotScreen */,
				CCC32F9128EF19B400DCE137 /* HomeMovieScreen */,
				CC3FAD3E28E9E25C00C138B6 /* InstallScreen */,
				CCC0A9E528E32A0A004E3A9B /* HelpScreen */,
				CCC0A9CD28E2A9DC004E3A9B /* HomeCreen */,
			);
			path = NetFlix;
			sourceTree = "<group>";
		};
		CCC0A9CD28E2A9DC004E3A9B /* HomeCreen */ = {
			isa = PBXGroup;
			children = (
				CCC0A9BD28E2A9C4004E3A9B /* Netflix.swift */,
				CCC0A9BF28E2A9C4004E3A9B /* Main.storyboard */,
				CCC0A9CE28E2AA80004E3A9B /* ScrollView.swift */,
				CCC0A9D228E2AAB4004E3A9B /* ScrollView.xib */,
				CCC0A9D428E2B122004E3A9B /* DataScroll.swift */,
				CC33A6BC28E6F457009C7E45 /* WhoWatchingViewController.swift */,
				CC33A6BD28E6F457009C7E45 /* WhoWatchingViewController.xib */,
				CC33A6AE28E6020A009C7E45 /* MovieTaBarController.swift */,
				CCC0A9D628E2D03A004E3A9B /* LogginViewController.swift */,
				CCC0A9D728E2D03A004E3A9B /* LogginViewController.xib */,
				CCC0A9DA28E30846004E3A9B /* JohnViewController.swift */,
				CCC0A9DB28E30846004E3A9B /* JohnViewController.xib */,
				CCC0A9E128E32799004E3A9B /* WebKitViewController.swift */,
				CCC0A9E228E32799004E3A9B /* WebKitViewController.xib */,
				CC33A6A128E49333009C7E45 /* GetPassword2ViewController.swift */,
				CC33A6A228E49333009C7E45 /* GetPassword2ViewController.xib */,
			);
			path = HomeCreen;
			sourceTree = "<group>";
		};
		CCC0A9DE28E32723004E3A9B /* Frameworks */ = {
			isa = PBXGroup;
			children = (
				CCC0A9DF28E32723004E3A9B /* WebKit.framework */,
			);
			name = Frameworks;
			sourceTree = "<group>";
		};
		CCC0A9E528E32A0A004E3A9B /* HelpScreen */ = {
			isa = PBXGroup;
			children = (
				CCC0A9E628E3304D004E3A9B /* HelpViewController.swift */,
				CCC0A9E728E3304D004E3A9B /* HelpViewController.xib */,
				CCC0AA3028E43EEC004E3A9B /* NotificationCenterViewController.swift */,
				CCC0AA3128E43EEC004E3A9B /* NotificationCenterViewController.xib */,
				CCC0AA3428E44E7D004E3A9B /* WebHelpViewController.swift */,
				CCC0AA3528E44E7D004E3A9B /* WebHelpViewController.xib */,
				CC33A68928E48A44009C7E45 /* TermOfUseViewController.swift */,
				CC33A68A28E48A44009C7E45 /* TermOfUseViewController.xib */,
				CC33A68D28E48CBA009C7E45 /* PrivacyViewController.swift */,
				CC33A68E28E48CBA009C7E45 /* PrivacyViewController.xib */,
				CC33A69128E48EB1009C7E45 /* GetPasswordViewController.swift */,
				CC33A69228E48EB1009C7E45 /* GetPasswordViewController.xib */,
				CC33A69928E4917E009C7E45 /* ChattingViewController.swift */,
				CC33A69A28E4917E009C7E45 /* ChattingViewController.xib */,
			);
			path = HelpScreen;
			sourceTree = "<group>";
		};
		CCC32F9128EF19B400DCE137 /* HomeMovieScreen */ = {
			isa = PBXGroup;
			children = (
				CCC32F9228EF19CB00DCE137 /* HomePageViewController.swift */,
				CCC32F9328EF19CB00DCE137 /* HomePageViewController.xib */,
				CC35CB4A28F19042000F9FA0 /* HomePageView2TableViewCell.swift */,
				CC35CB4B28F19042000F9FA0 /* HomePageView2TableViewCell.xib */,
				CC35CB4E28F19068000F9FA0 /* HomePage2CollectionViewCell.swift */,
				CC35CB4F28F19068000F9FA0 /* HomePage2CollectionViewCell.xib */,
				CC16406128F16C4E00581124 /* HomePageView1TableViewCell.swift */,
				CC16406228F16C4E00581124 /* HomePageView1TableViewCell.xib */,
				CC16406628F16FAF00581124 /* HomePage1CollectionViewCell.swift */,
				CC16406728F16FAF00581124 /* HomePage1CollectionViewCell.xib */,
				CCC32F9628EF1AA600DCE137 /* HomePageTableViewCell.swift */,
				CCC32F9728EF1AA600DCE137 /* HomePageTableViewCell.xib */,
				CCC32F9A28EF1B6100DCE137 /* HomePageCollectionViewCell.swift */,
				CCC32F9B28EF1B6100DCE137 /* HomePageCollectionViewCell.xib */,
				CC5D433128F580A70050DE1D /* Movie1ViewController.swift */,
				CC5D433228F580A70050DE1D /* Movie1ViewController.xib */,
				CC5D433528F59F6D0050DE1D /* File.swift */,
			);
			path = HomeMovieScreen;
			sourceTree = "<group>";
		};
/* End PBXGroup section */

/* Begin PBXNativeTarget section */
		CCC0A9B528E2A9C4004E3A9B /* NetFlix */ = {
			isa = PBXNativeTarget;
			buildConfigurationList = CCC0A9CA28E2A9C5004E3A9B /* Build configuration list for PBXNativeTarget "NetFlix" */;
			buildPhases = (
				CCC0A9B228E2A9C4004E3A9B /* Sources */,
				CCC0A9B328E2A9C4004E3A9B /* Frameworks */,
				CCC0A9B428E2A9C4004E3A9B /* Resources */,
			);
			buildRules = (
			);
			dependencies = (
			);
			name = NetFlix;
			productName = NetFlix;
			productReference = CCC0A9B628E2A9C4004E3A9B /* NetFlix.app */;
			productType = "com.apple.product-type.application";
		};
/* End PBXNativeTarget section */

/* Begin PBXProject section */
		CCC0A9AE28E2A9C4004E3A9B /* Project object */ = {
			isa = PBXProject;
			attributes = {
				BuildIndependentTargetsInParallel = 1;
				LastSwiftUpdateCheck = 1340;
				LastUpgradeCheck = 1340;
				TargetAttributes = {
					CCC0A9B528E2A9C4004E3A9B = {
						CreatedOnToolsVersion = 13.4.1;
					};
				};
			};
			buildConfigurationList = CCC0A9B128E2A9C4004E3A9B /* Build configuration list for PBXProject "NetFlix" */;
			compatibilityVersion = "Xcode 13.0";
			developmentRegion = en;
			hasScannedForEncodings = 0;
			knownRegions = (
				en,
				Base,
			);
			mainGroup = CCC0A9AD28E2A9C4004E3A9B;
			productRefGroup = CCC0A9B728E2A9C4004E3A9B /* Products */;
			projectDirPath = "";
			projectRoot = "";
			targets = (
				CCC0A9B528E2A9C4004E3A9B /* NetFlix */,
			);
		};
/* End PBXProject section */

/* Begin PBXResourcesBuildPhase section */
		CCC0A9B428E2A9C4004E3A9B /* Resources */ = {
			isa = PBXResourcesBuildPhase;
			buildActionMask = 2147483647;
			files = (
				CC3FAD4628E9EEA000C138B6 /* FileInstallViewController.xib in Resources */,
				CC33A69C28E4917E009C7E45 /* ChattingViewController.xib in Resources */,
				CC16406928F16FAF00581124 /* HomePage1CollectionViewCell.xib in Resources */,
				CC33A6B728E60280009C7E45 /* NewAndHotViewController.xib in Resources */,
				CCC0AA3728E44E7D004E3A9B /* WebHelpViewController.xib in Resources */,
				CC35CB5128F19068000F9FA0 /* HomePage2CollectionViewCell.xib in Resources */,
				CCC0A9D328E2AAB4004E3A9B /* ScrollView.xib in Resources */,
				CC5D432C28F47A7F0050DE1D /* MovieViewController.xib in Resources */,
				CCC0A9DD28E30846004E3A9B /* JohnViewController.xib in Resources */,
				CC3FAD4E28E9F26C00C138B6 /* SearchMovieTableViewCell.xib in Resources */,
				CC3FAD4228E9EAAD00C138B6 /* SetupInstallViewController.xib in Resources */,
				CC33A6BB28E6029D009C7E45 /* InstallViewController.xib in Resources */,
				CC5D433428F580A70050DE1D /* Movie1ViewController.xib in Resources */,
				CCC0A9C628E2A9C5004E3A9B /* LaunchScreen.storyboard in Resources */,
				CCC32F9D28EF1B6100DCE137 /* HomePageCollectionViewCell.xib in Resources */,
				CC5D432028F31F380050DE1D /* NewAndHotTableViewCell.xib in Resources */,
				CCC0A9C328E2A9C5004E3A9B /* Assets.xcassets in Resources */,
				CC33A69428E48EB1009C7E45 /* GetPasswordViewController.xib in Resources */,
				CC35CB4D28F19042000F9FA0 /* HomePageView2TableViewCell.xib in Resources */,
				CCC0A9D928E2D03A004E3A9B /* LogginViewController.xib in Resources */,
				CCC0A9C128E2A9C4004E3A9B /* Main.storyboard in Resources */,
				CC33A69028E48CBA009C7E45 /* PrivacyViewController.xib in Resources */,
				CCC32F9928EF1AA600DCE137 /* HomePageTableViewCell.xib in Resources */,
				CC33A6A428E49333009C7E45 /* GetPassword2ViewController.xib in Resources */,
				CCC32F9528EF19CB00DCE137 /* HomePageViewController.xib in Resources */,
				CC33A6BF28E6F457009C7E45 /* WhoWatchingViewController.xib in Resources */,
				CC3FAD5228EABDC000C138B6 /* TapImageViewController.xib in Resources */,
				CC3FAD4A28E9F0BB00C138B6 /* SearchMovieViewController.xib in Resources */,
				CC33A68C28E48A44009C7E45 /* TermOfUseViewController.xib in Resources */,
				CCC0AA3328E43EEC004E3A9B /* NotificationCenterViewController.xib in Resources */,
				CC16406428F16C4E00581124 /* HomePageView1TableViewCell.xib in Resources */,
				CCC0A9E428E32799004E3A9B /* WebKitViewController.xib in Resources */,
				CCC0A9E928E3304D004E3A9B /* HelpViewController.xib in Resources */,
			);
			runOnlyForDeploymentPostprocessing = 0;
		};
/* End PBXResourcesBuildPhase section */

/* Begin PBXSourcesBuildPhase section */
		CCC0A9B228E2A9C4004E3A9B /* Sources */ = {
			isa = PBXSourcesBuildPhase;
			buildActionMask = 2147483647;
			files = (
				CC5D431F28F31F380050DE1D /* NewAndHotTableViewCell.swift in Sources */,
				CC5D433328F580A70050DE1D /* Movie1ViewController.swift in Sources */,
				CC5D432B28F47A7F0050DE1D /* MovieViewController.swift in Sources */,
				CC33A6BA28E6029D009C7E45 /* InstallViewController.swift in Sources */,
				CCC0A9D828E2D03A004E3A9B /* LogginViewController.swift in Sources */,
				CCC0AA3628E44E7D004E3A9B /* WebHelpViewController.swift in Sources */,
				CC3FAD4D28E9F26C00C138B6 /* SearchMovieTableViewCell.swift in Sources */,
				CC33A68F28E48CBA009C7E45 /* PrivacyViewController.swift in Sources */,
				CCC0A9BE28E2A9C4004E3A9B /* Netflix.swift in Sources */,
				CCC0A9E328E32799004E3A9B /* WebKitViewController.swift in Sources */,
				CCC0A9D528E2B122004E3A9B /* DataScroll.swift in Sources */,
				CC5D433628F59F6D0050DE1D /* File.swift in Sources */,
				CC33A69B28E4917E009C7E45 /* ChattingViewController.swift in Sources */,
				CC33A68B28E48A44009C7E45 /* TermOfUseViewController.swift in Sources */,
				CCC0A9E828E3304D004E3A9B /* HelpViewController.swift in Sources */,
				CC33A6AF28E6020A009C7E45 /* MovieTaBarController.swift in Sources */,
				CC33A6BE28E6F457009C7E45 /* WhoWatchingViewController.swift in Sources */,
				CCC0A9CF28E2AA80004E3A9B /* ScrollView.swift in Sources */,
				CC16406828F16FAF00581124 /* HomePage1CollectionViewCell.swift in Sources */,
				CC3FAD4528E9EEA000C138B6 /* FileInstallViewController.swift in Sources */,
				CC3FAD4928E9F0BB00C138B6 /* SearchMovieViewController.swift in Sources */,
				CC35CB5028F19068000F9FA0 /* HomePage2CollectionViewCell.swift in Sources */,
				CC16406328F16C4E00581124 /* HomePageView1TableViewCell.swift in Sources */,
				CC35CB4C28F19042000F9FA0 /* HomePageView2TableViewCell.swift in Sources */,
				CCC32F9C28EF1B6100DCE137 /* HomePageCollectionViewCell.swift in Sources */,
				CC3FAD4128E9EAAD00C138B6 /* SetupInstallViewController.swift in Sources */,
				CC3FAD5128EABDC000C138B6 /* TapImageViewController.swift in Sources */,
				CCC0A9BA28E2A9C4004E3A9B /* AppDelegate.swift in Sources */,
				CCC32F9828EF1AA600DCE137 /* HomePageTableViewCell.swift in Sources */,
				CCC0A9DC28E30846004E3A9B /* JohnViewController.swift in Sources */,
				CCC32F9428EF19CB00DCE137 /* HomePageViewController.swift in Sources */,
				CC5D432228F323E20050DE1D /* DataMovie.swift in Sources */,
				CCC0AA3228E43EEC004E3A9B /* NotificationCenterViewController.swift in Sources */,
				CC33A69328E48EB1009C7E45 /* GetPasswordViewController.swift in Sources */,
				CC33A6A328E49333009C7E45 /* GetPassword2ViewController.swift in Sources */,
				CCC0A9BC28E2A9C4004E3A9B /* SceneDelegate.swift in Sources */,
				CC33A6B628E60280009C7E45 /* NewAndHotViewController.swift in Sources */,
			);
			runOnlyForDeploymentPostprocessing = 0;
		};
/* End PBXSourcesBuildPhase section */

/* Begin PBXVariantGroup section */
		CCC0A9BF28E2A9C4004E3A9B /* Main.storyboard */ = {
			isa = PBXVariantGroup;
			children = (
				CCC0A9C028E2A9C4004E3A9B /* Base */,
			);
			name = Main.storyboard;
			sourceTree = "<group>";
		};
		CCC0A9C428E2A9C5004E3A9B /* LaunchScreen.storyboard */ = {
			isa = PBXVariantGroup;
			children = (
				CCC0A9C528E2A9C5004E3A9B /* Base */,
			);
			name = LaunchScreen.storyboard;
			sourceTree = "<group>";
		};
/* End PBXVariantGroup section */

/* Begin XCBuildConfiguration section */
		CCC0A9C828E2A9C5004E3A9B /* Debug */ = {
			isa = XCBuildConfiguration;
			buildSettings = {
				ALWAYS_SEARCH_USER_PATHS = NO;
				CLANG_ANALYZER_NONNULL = YES;
				CLANG_ANALYZER_NUMBER_OBJECT_CONVERSION = YES_AGGRESSIVE;
				CLANG_CXX_LANGUAGE_STANDARD = "gnu++17";
				CLANG_ENABLE_MODULES = YES;
				CLANG_ENABLE_OBJC_ARC = YES;
				CLANG_ENABLE_OBJC_WEAK = YES;
				CLANG_WARN_BLOCK_CAPTURE_AUTORELEASING = YES;
				CLANG_WARN_BOOL_CONVERSION = YES;
				CLANG_WARN_COMMA = YES;
				CLANG_WARN_CONSTANT_CONVERSION = YES;
				CLANG_WARN_DEPRECATED_OBJC_IMPLEMENTATIONS = YES;
				CLANG_WARN_DIRECT_OBJC_ISA_USAGE = YES_ERROR;
				CLANG_WARN_DOCUMENTATION_COMMENTS = YES;
				CLANG_WARN_EMPTY_BODY = YES;
				CLANG_WARN_ENUM_CONVERSION = YES;
				CLANG_WARN_INFINITE_RECURSION = YES;
				CLANG_WARN_INT_CONVERSION = YES;
				CLANG_WARN_NON_LITERAL_NULL_CONVERSION = YES;
				CLANG_WARN_OBJC_IMPLICIT_RETAIN_SELF = YES;
				CLANG_WARN_OBJC_LITERAL_CONVERSION = YES;
				CLANG_WARN_OBJC_ROOT_CLASS = YES_ERROR;
				CLANG_WARN_QUOTED_INCLUDE_IN_FRAMEWORK_HEADER = YES;
				CLANG_WARN_RANGE_LOOP_ANALYSIS = YES;
				CLANG_WARN_STRICT_PROTOTYPES = YES;
				CLANG_WARN_SUSPICIOUS_MOVE = YES;
				CLANG_WARN_UNGUARDED_AVAILABILITY = YES_AGGRESSIVE;
				CLANG_WARN_UNREACHABLE_CODE = YES;
				CLANG_WARN__DUPLICATE_METHOD_MATCH = YES;
				COPY_PHASE_STRIP = NO;
				DEBUG_INFORMATION_FORMAT = dwarf;
				ENABLE_STRICT_OBJC_MSGSEND = YES;
				ENABLE_TESTABILITY = YES;
				GCC_C_LANGUAGE_STANDARD = gnu11;
				GCC_DYNAMIC_NO_PIC = NO;
				GCC_NO_COMMON_BLOCKS = YES;
				GCC_OPTIMIZATION_LEVEL = 0;
				GCC_PREPROCESSOR_DEFINITIONS = (
					"DEBUG=1",
					"$(inherited)",
				);
				GCC_WARN_64_TO_32_BIT_CONVERSION = YES;
				GCC_WARN_ABOUT_RETURN_TYPE = YES_ERROR;
				GCC_WARN_UNDECLARED_SELECTOR = YES;
				GCC_WARN_UNINITIALIZED_AUTOS = YES_AGGRESSIVE;
				GCC_WARN_UNUSED_FUNCTION = YES;
				GCC_WARN_UNUSED_VARIABLE = YES;
				IPHONEOS_DEPLOYMENT_TARGET = 15.5;
				MTL_ENABLE_DEBUG_INFO = INCLUDE_SOURCE;
				MTL_FAST_MATH = YES;
				ONLY_ACTIVE_ARCH = YES;
				SDKROOT = iphoneos;
				SWIFT_ACTIVE_COMPILATION_CONDITIONS = DEBUG;
				SWIFT_OPTIMIZATION_LEVEL = "-Onone";
			};
			name = Debug;
		};
		CCC0A9C928E2A9C5004E3A9B /* Release */ = {
			isa = XCBuildConfiguration;
			buildSettings = {
				ALWAYS_SEARCH_USER_PATHS = NO;
				CLANG_ANALYZER_NONNULL = YES;
				CLANG_ANALYZER_NUMBER_OBJECT_CONVERSION = YES_AGGRESSIVE;
				CLANG_CXX_LANGUAGE_STANDARD = "gnu++17";
				CLANG_ENABLE_MODULES = YES;
				CLANG_ENABLE_OBJC_ARC = YES;
				CLANG_ENABLE_OBJC_WEAK = YES;
				CLANG_WARN_BLOCK_CAPTURE_AUTORELEASING = YES;
				CLANG_WARN_BOOL_CONVERSION = YES;
				CLANG_WARN_COMMA = YES;
				CLANG_WARN_CONSTANT_CONVERSION = YES;
				CLANG_WARN_DEPRECATED_OBJC_IMPLEMENTATIONS = YES;
				CLANG_WARN_DIRECT_OBJC_ISA_USAGE = YES_ERROR;
				CLANG_WARN_DOCUMENTATION_COMMENTS = YES;
				CLANG_WARN_EMPTY_BODY = YES;
				CLANG_WARN_ENUM_CONVERSION = YES;
				CLANG_WARN_INFINITE_RECURSION = YES;
				CLANG_WARN_INT_CONVERSION = YES;
				CLANG_WARN_NON_LITERAL_NULL_CONVERSION = YES;
				CLANG_WARN_OBJC_IMPLICIT_RETAIN_SELF = YES;
				CLANG_WARN_OBJC_LITERAL_CONVERSION = YES;
				CLANG_WARN_OBJC_ROOT_CLASS = YES_ERROR;
				CLANG_WARN_QUOTED_INCLUDE_IN_FRAMEWORK_HEADER = YES;
				CLANG_WARN_RANGE_LOOP_ANALYSIS = YES;
				CLANG_WARN_STRICT_PROTOTYPES = YES;
				CLANG_WARN_SUSPICIOUS_MOVE = YES;
				CLANG_WARN_UNGUARDED_AVAILABILITY = YES_AGGRESSIVE;
				CLANG_WARN_UNREACHABLE_CODE = YES;
				CLANG_WARN__DUPLICATE_METHOD_MATCH = YES;
				COPY_PHASE_STRIP = NO;
				DEBUG_INFORMATION_FORMAT = "dwarf-with-dsym";
				ENABLE_NS_ASSERTIONS = NO;
				ENABLE_STRICT_OBJC_MSGSEND = YES;
				GCC_C_LANGUAGE_STANDARD = gnu11;
				GCC_NO_COMMON_BLOCKS = YES;
				GCC_WARN_64_TO_32_BIT_CONVERSION = YES;
				GCC_WARN_ABOUT_RETURN_TYPE = YES_ERROR;
				GCC_WARN_UNDECLARED_SELECTOR = YES;
				GCC_WARN_UNINITIALIZED_AUTOS = YES_AGGRESSIVE;
				GCC_WARN_UNUSED_FUNCTION = YES;
				GCC_WARN_UNUSED_VARIABLE = YES;
				IPHONEOS_DEPLOYMENT_TARGET = 15.5;
				MTL_ENABLE_DEBUG_INFO = NO;
				MTL_FAST_MATH = YES;
				SDKROOT = iphoneos;
				SWIFT_COMPILATION_MODE = wholemodule;
				SWIFT_OPTIMIZATION_LEVEL = "-O";
				VALIDATE_PRODUCT = YES;
			};
			name = Release;
		};
		CCC0A9CB28E2A9C5004E3A9B /* Debug */ = {
			isa = XCBuildConfiguration;
			buildSettings = {
				ASSETCATALOG_COMPILER_APPICON_NAME = AppIcon;
				ASSETCATALOG_COMPILER_GLOBAL_ACCENT_COLOR_NAME = AccentColor;
				CODE_SIGN_STYLE = Automatic;
				CURRENT_PROJECT_VERSION = 1;
				DEVELOPMENT_TEAM = KD39G9W3UR;
				GENERATE_INFOPLIST_FILE = YES;
				INFOPLIST_FILE = NetFlix/Info.plist;
				INFOPLIST_KEY_UIApplicationSupportsIndirectInputEvents = YES;
				INFOPLIST_KEY_UILaunchStoryboardName = LaunchScreen;
				INFOPLIST_KEY_UIMainStoryboardFile = Main;
				INFOPLIST_KEY_UISupportedInterfaceOrientations_iPad = "UIInterfaceOrientationPortrait UIInterfaceOrientationPortraitUpsideDown UIInterfaceOrientationLandscapeLeft UIInterfaceOrientationLandscapeRight";
				INFOPLIST_KEY_UISupportedInterfaceOrientations_iPhone = "UIInterfaceOrientationPortrait UIInterfaceOrientationLandscapeLeft UIInterfaceOrientationLandscapeRight";
				LD_RUNPATH_SEARCH_PATHS = (
					"$(inherited)",
					"@executable_path/Frameworks",
				);
				MARKETING_VERSION = 1.0;
				PRODUCT_BUNDLE_IDENTIFIER = "TUAN-ANH.NetFlix";
				PRODUCT_NAME = "$(TARGET_NAME)";
				SWIFT_EMIT_LOC_STRINGS = YES;
				SWIFT_VERSION = 5.0;
				TARGETED_DEVICE_FAMILY = "1,2";
			};
			name = Debug;
		};
		CCC0A9CC28E2A9C5004E3A9B /* Release */ = {
			isa = XCBuildConfiguration;
			buildSettings = {
				ASSETCATALOG_COMPILER_APPICON_NAME = AppIcon;
				ASSETCATALOG_COMPILER_GLOBAL_ACCENT_COLOR_NAME = AccentColor;
				CODE_SIGN_STYLE = Automatic;
				CURRENT_PROJECT_VERSION = 1;
				DEVELOPMENT_TEAM = KD39G9W3UR;
				GENERATE_INFOPLIST_FILE = YES;
				INFOPLIST_FILE = NetFlix/Info.plist;
				INFOPLIST_KEY_UIApplicationSupportsIndirectInputEvents = YES;
				INFOPLIST_KEY_UILaunchStoryboardName = LaunchScreen;
				INFOPLIST_KEY_UIMainStoryboardFile = Main;
				INFOPLIST_KEY_UISupportedInterfaceOrientations_iPad = "UIInterfaceOrientationPortrait UIInterfaceOrientationPortraitUpsideDown UIInterfaceOrientationLandscapeLeft UIInterfaceOrientationLandscapeRight";
				INFOPLIST_KEY_UISupportedInterfaceOrientations_iPhone = "UIInterfaceOrientationPortrait UIInterfaceOrientationLandscapeLeft UIInterfaceOrientationLandscapeRight";
				LD_RUNPATH_SEARCH_PATHS = (
					"$(inherited)",
					"@executable_path/Frameworks",
				);
				MARKETING_VERSION = 1.0;
				PRODUCT_BUNDLE_IDENTIFIER = "TUAN-ANH.NetFlix";
				PRODUCT_NAME = "$(TARGET_NAME)";
				SWIFT_EMIT_LOC_STRINGS = YES;
				SWIFT_VERSION = 5.0;
				TARGETED_DEVICE_FAMILY = "1,2";
			};
			name = Release;
		};
/* End XCBuildConfiguration section */

/* Begin XCConfigurationList section */
		CCC0A9B128E2A9C4004E3A9B /* Build configuration list for PBXProject "NetFlix" */ = {
			isa = XCConfigurationList;
			buildConfigurations = (
				CCC0A9C828E2A9C5004E3A9B /* Debug */,
				CCC0A9C928E2A9C5004E3A9B /* Release */,
			);
			defaultConfigurationIsVisible = 0;
			defaultConfigurationName = Release;
		};
		CCC0A9CA28E2A9C5004E3A9B /* Build configuration list for PBXNativeTarget "NetFlix" */ = {
			isa = XCConfigurationList;
			buildConfigurations = (
				CCC0A9CB28E2A9C5004E3A9B /* Debug */,
				CCC0A9CC28E2A9C5004E3A9B /* Release */,
			);
			defaultConfigurationIsVisible = 0;
			defaultConfigurationName = Release;
		};
/* End XCConfigurationList section */
	};
	rootObject = CCC0A9AE28E2A9C4004E3A9B /* Project object */;
}
